
Microsoft Visual Studio Solution File, Format Version 12.00
# Visual Studio Version 17
VisualStudioVersion = 17.7.34009.444
MinimumVisualStudioVersion = 10.0.40219.1
Project("{9A19103F-16F7-4668-BE54-9A1E7A4F7556}") = "FL1", "FL1\FL1.csproj", "{3EA23DEA-4949-4C0C-BB26-77094CEAB78C}"
EndProject
Project("{2150E333-8FDC-42A3-9474-1A3956D46DE8}") = "Text", "Text", "{E99AF3D9-C76E-419C-8E9F-62EDFD62F017}"
	ProjectSection(SolutionItems) = preProject
		anteckningar.txt = anteckningar.txt
	EndProjectSection
EndProject
Project("{9A19103F-16F7-4668-BE54-9A1E7A4F7556}") = "FL2", "FL2\FL2.csproj", "{6EF40961-FB1D-4361-928F-F10D94D96BE8}"
EndProject
Project("{9A19103F-16F7-4668-BE54-9A1E7A4F7556}") = "AreNumbersEqual", "..\AreNumbersEqual\AreNumbersEqual\AreNumbersEqual.csproj", "{52BD0FFA-8AD7-4B76-B233-C7711F2276C9}"
EndProject
Project("{9A19103F-16F7-4668-BE54-9A1E7A4F7556}") = "ConvertMinutesIntoSeconds", "ConvertMinutesIntoSeconds\ConvertMinutesIntoSeconds.csproj", "{89F1B9B2-E313-4071-A445-E18222BA52CF}"
EndProject
Project("{9A19103F-16F7-4668-BE54-9A1E7A4F7556}") = "ProfitableGamble", "ProfitableGamble\ProfitableGamble.csproj", "{9A6E9B0B-4EC1-4BA2-B842-7C8D89B2EC91}"
EndProject
Project("{9A19103F-16F7-4668-BE54-9A1E7A4F7556}") = "YatzeeGame", "YatzeeGame\YatzeeGame.csproj", "{A9EF3FF9-985D-48FA-9193-8A75ABB32F3B}"
EndProject
Project("{9A19103F-16F7-4668-BE54-9A1E7A4F7556}") = "FL5", "FL5\FL5.csproj", "{0D692C14-C3F9-4810-9525-9574FB742543}"
EndProject
Project("{9A19103F-16F7-4668-BE54-9A1E7A4F7556}") = "FL6", "FL6\FL6.csproj", "{2B104403-B029-4B07-869D-F4719A96AFF5}"
EndProject
Project("{9A19103F-16F7-4668-BE54-9A1E7A4F7556}") = "FindLargestNumber", "FindLargestNumber\FindLargestNumber.csproj", "{B3CC9266-B94B-4975-83EB-EF934DC957BA}"
EndProject
Project("{9A19103F-16F7-4668-BE54-9A1E7A4F7556}") = "ShuffleTheName", "ShuffleTheName\ShuffleTheName.csproj", "{0EDC0C13-E43E-4B73-A98A-C6D8BA51EBCF}"
EndProject
Project("{FAE04EC0-301F-11D3-BF4B-00C04F79EFBC}") = "SmoothSentences", "SmoothSentences\SmoothSentences.csproj", "{B6EEB09E-5F4C-48DE-AAE2-6065008A817A}"
EndProject
Global
	GlobalSection(SolutionConfigurationPlatforms) = preSolution
		Debug|Any CPU = Debug|Any CPU
		Release|Any CPU = Release|Any CPU
	EndGlobalSection
	GlobalSection(ProjectConfigurationPlatforms) = postSolution
		{3EA23DEA-4949-4C0C-BB26-77094CEAB78C}.Debug|Any CPU.ActiveCfg = Debug|Any CPU
		{3EA23DEA-4949-4C0C-BB26-77094CEAB78C}.Debug|Any CPU.Build.0 = Debug|Any CPU
		{3EA23DEA-4949-4C0C-BB26-77094CEAB78C}.Release|Any CPU.ActiveCfg = Release|Any CPU
		{3EA23DEA-4949-4C0C-BB26-77094CEAB78C}.Release|Any CPU.Build.0 = Release|Any CPU
		{6EF40961-FB1D-4361-928F-F10D94D96BE8}.Debug|Any CPU.ActiveCfg = Debug|Any CPU
		{6EF40961-FB1D-4361-928F-F10D94D96BE8}.Debug|Any CPU.Build.0 = Debug|Any CPU
		{6EF40961-FB1D-4361-928F-F10D94D96BE8}.Release|Any CPU.ActiveCfg = Release|Any CPU
		{6EF40961-FB1D-4361-928F-F10D94D96BE8}.Release|Any CPU.Build.0 = Release|Any CPU
		{52BD0FFA-8AD7-4B76-B233-C7711F2276C9}.Debug|Any CPU.ActiveCfg = Debug|Any CPU
		{52BD0FFA-8AD7-4B76-B233-C7711F2276C9}.Debug|Any CPU.Build.0 = Debug|Any CPU
		{52BD0FFA-8AD7-4B76-B233-C7711F2276C9}.Release|Any CPU.ActiveCfg = Release|Any CPU
		{52BD0FFA-8AD7-4B76-B233-C7711F2276C9}.Release|Any CPU.Build.0 = Release|Any CPU
		{89F1B9B2-E313-4071-A445-E18222BA52CF}.Debug|Any CPU.ActiveCfg = Debug|Any CPU
		{89F1B9B2-E313-4071-A445-E18222BA52CF}.Debug|Any CPU.Build.0 = Debug|Any CPU
		{89F1B9B2-E313-4071-A445-E18222BA52CF}.Release|Any CPU.ActiveCfg = Release|Any CPU
		{89F1B9B2-E313-4071-A445-E18222BA52CF}.Release|Any CPU.Build.0 = Release|Any CPU
		{9A6E9B0B-4EC1-4BA2-B842-7C8D89B2EC91}.Debug|Any CPU.ActiveCfg = Debug|Any CPU
		{9A6E9B0B-4EC1-4BA2-B842-7C8D89B2EC91}.Debug|Any CPU.Build.0 = Debug|Any CPU
		{9A6E9B0B-4EC1-4BA2-B842-7C8D89B2EC91}.Release|Any CPU.ActiveCfg = Release|Any CPU
		{9A6E9B0B-4EC1-4BA2-B842-7C8D89B2EC91}.Release|Any CPU.Build.0 = Release|Any CPU
		{A9EF3FF9-985D-48FA-9193-8A75ABB32F3B}.Debug|Any CPU.ActiveCfg = Debug|Any CPU
		{A9EF3FF9-985D-48FA-9193-8A75ABB32F3B}.Debug|Any CPU.Build.0 = Debug|Any CPU
		{A9EF3FF9-985D-48FA-9193-8A75ABB32F3B}.Release|Any CPU.ActiveCfg = Release|Any CPU
		{A9EF3FF9-985D-48FA-9193-8A75ABB32F3B}.Release|Any CPU.Build.0 = Release|Any CPU
		{0D692C14-C3F9-4810-9525-9574FB742543}.Debug|Any CPU.ActiveCfg = Debug|Any CPU
		{0D692C14-C3F9-4810-9525-9574FB742543}.Debug|Any CPU.Build.0 = Debug|Any CPU
		{0D692C14-C3F9-4810-9525-9574FB742543}.Release|Any CPU.ActiveCfg = Release|Any CPU
		{0D692C14-C3F9-4810-9525-9574FB742543}.Release|Any CPU.Build.0 = Release|Any CPU
		{2B104403-B029-4B07-869D-F4719A96AFF5}.Debug|Any CPU.ActiveCfg = Debug|Any CPU
		{2B104403-B029-4B07-869D-F4719A96AFF5}.Debug|Any CPU.Build.0 = Debug|Any CPU
		{2B104403-B029-4B07-869D-F4719A96AFF5}.Release|Any CPU.ActiveCfg = Release|Any CPU
		{2B104403-B029-4B07-869D-F4719A96AFF5}.Release|Any CPU.Build.0 = Release|Any CPU
		{B3CC9266-B94B-4975-83EB-EF934DC957BA}.Debug|Any CPU.ActiveCfg = Debug|Any CPU
		{B3CC9266-B94B-4975-83EB-EF934DC957BA}.Debug|Any CPU.Build.0 = Debug|Any CPU
		{B3CC9266-B94B-4975-83EB-EF934DC957BA}.Release|Any CPU.ActiveCfg = Release|Any CPU
		{B3CC9266-B94B-4975-83EB-EF934DC957BA}.Release|Any CPU.Build.0 = Release|Any CPU
		{0EDC0C13-E43E-4B73-A98A-C6D8BA51EBCF}.Debug|Any CPU.ActiveCfg = Debug|Any CPU
		{0EDC0C13-E43E-4B73-A98A-C6D8BA51EBCF}.Debug|Any CPU.Build.0 = Debug|Any CPU
		{0EDC0C13-E43E-4B73-A98A-C6D8BA51EBCF}.Release|Any CPU.ActiveCfg = Release|Any CPU
		{0EDC0C13-E43E-4B73-A98A-C6D8BA51EBCF}.Release|Any CPU.Build.0 = Release|Any CPU
		{B6EEB09E-5F4C-48DE-AAE2-6065008A817A}.Debug|Any CPU.ActiveCfg = Debug|Any CPU
		{B6EEB09E-5F4C-48DE-AAE2-6065008A817A}.Debug|Any CPU.Build.0 = Debug|Any CPU
		{B6EEB09E-5F4C-48DE-AAE2-6065008A817A}.Release|Any CPU.ActiveCfg = Release|Any CPU
		{B6EEB09E-5F4C-48DE-AAE2-6065008A817A}.Release|Any CPU.Build.0 = Release|Any CPU
	EndGlobalSection
	GlobalSection(SolutionProperties) = preSolution
		HideSolutionNode = FALSE
	EndGlobalSection
	GlobalSection(ExtensibilityGlobals) = postSolution
		SolutionGuid = {766F0786-0624-4832-8F45-C08F9F40D4A6}
	EndGlobalSection
EndGlobal
